
Microsoft Visual Studio Solution File, Format Version 12.00
# Visual Studio Version 17
VisualStudioVersion = 17.4.33103.184
MinimumVisualStudioVersion = 10.0.40219.1
Project("{FAE04EC0-301F-11D3-BF4B-00C04F79EFBC}") = "WindowsFormsApp5", "WindowsFormsApp5\WindowsFormsApp5.csproj", "{DB946A8D-96B4-425B-9E16-D9E88E44B634}"
EndProject
Global
	GlobalSection(SolutionConfigurationPlatforms) = preSolution
		Debug|Any CPU = Debug|Any CPU
		Release|Any CPU = Release|Any CPU
	EndGlobalSection
	GlobalSection(ProjectConfigurationPlatforms) = postSolution
		{DB946A8D-96B4-425B-9E16-D9E88E44B634}.Debug|Any CPU.ActiveCfg = Debug|Any CPU
		{DB946A8D-96B4-425B-9E16-D9E88E44B634}.Debug|Any CPU.Build.0 = Debug|Any CPU
		{DB946A8D-96B4-425B-9E16-D9E88E44B634}.Release|Any CPU.ActiveCfg = Release|Any CPU
		{DB946A8D-96B4-425B-9E16-D9E88E44B634}.Release|Any CPU.Build.0 = Release|Any CPU
	EndGlobalSection
	GlobalSection(SolutionProperties) = preSolution
		HideSolutionNode = FALSE
	EndGlobalSection
	GlobalSection(ExtensibilityGlobals) = postSolution
		SolutionGuid = {F28E5657-DA50-4308-AF93-BC9C49A15806}
	EndGlobalSection
EndGlobal
